# THIS IS AN AUTOGENERATED FILE. DO NOT EDIT THIS FILE DIRECTLY.
# yarn lockfile v1


meriyah@^1.8.2:
  version "1.8.2"
  resolved "https://registry.yarnpkg.com/meriyah/-/meriyah-1.8.2.tgz#f2284ca1460f303b9ae44e7f3b99017fb06ac741"
  integrity sha512-8D2Kdx9HXXxG7G7pg9DNBXQn22PxRO2zNqu+6Q2u5ho6tep79tp/DKVCUjGZz/jBnT4kx5/siP7X3BiOXg3Smg==
